
Microsoft Visual Studio Solution File, Format Version 12.00
# Visual Studio Version 17
VisualStudioVersion = 17.2.32630.192
MinimumVisualStudioVersion = 10.0.40219.1
Project("{9A19103F-16F7-4668-BE54-9A1E7A4F7556}") = "R5T.S0060.S003", "R5T.S0060.S003\R5T.S0060.S003.csproj", "{5463C271-5CE4-4342-8BB6-AA0A8B9F897E}"
EndProject
Project("{2150E333-8FDC-42A3-9474-1A3956D46DE8}") = "_Dependencies", "_Dependencies", "{01A9385D-D80E-4277-993B-ABC0EFCF16A8}"
EndProject
Project("{9A19103F-16F7-4668-BE54-9A1E7A4F7556}") = "R5T.F0000", "..\..\R5T.F0000\source\R5T.F0000\R5T.F0000.csproj", "{833402DC-6700-4207-83E5-73BC8B190CBB}"
EndProject
Project("{9A19103F-16F7-4668-BE54-9A1E7A4F7556}") = "R5T.T0131", "..\..\R5T.T0131\source\R5T.T0131\R5T.T0131.csproj", "{49E74E7C-75E4-4D86-B709-2A0B9FA78686}"
EndProject
Project("{9A19103F-16F7-4668-BE54-9A1E7A4F7556}") = "R5T.T0132", "..\..\R5T.T0132\source\R5T.T0132\R5T.T0132.csproj", "{20DDB23D-FEA1-4030-B8E2-48AA2FE32468}"
EndProject
Project("{9A19103F-16F7-4668-BE54-9A1E7A4F7556}") = "R5T.T0142", "..\..\R5T.T0142\source\R5T.T0142\R5T.T0142.csproj", "{193C0CA1-DDBA-46C5-AB28-0BBC61CE7B6A}"
EndProject
Project("{9A19103F-16F7-4668-BE54-9A1E7A4F7556}") = "R5T.T0143", "..\..\R5T.T0143\source\R5T.T0143\R5T.T0143.csproj", "{D39EB813-0FE0-467C-BE4E-46F072B98A14}"
EndProject
Project("{9A19103F-16F7-4668-BE54-9A1E7A4F7556}") = "R5T.Y0000", "..\..\R5T.Y0000\source\R5T.Y0000\R5T.Y0000.csproj", "{8F5AC0D6-4276-4865-8269-D6E35C8AF757}"
EndProject
Project("{9A19103F-16F7-4668-BE54-9A1E7A4F7556}") = "R5T.Z0000", "..\..\R5T.Z0000\source\R5T.Z0000\R5T.Z0000.csproj", "{85197F15-CF9B-40D3-A40D-9BC1FDEB66C5}"
EndProject
Project("{9A19103F-16F7-4668-BE54-9A1E7A4F7556}") = "R5T.F0035", "..\..\R5T.F0035\source\R5T.F0035\R5T.F0035.csproj", "{4D70538E-B5E9-4F43-9216-E81C89E97528}"
EndProject
Project("{9A19103F-16F7-4668-BE54-9A1E7A4F7556}") = "D8S.Z0001", "..\..\..\davidcoats\D8S.Z0001.Private\source\D8S.Z0001\D8S.Z0001.csproj", "{70D37D94-D90A-4013-ADD4-4E613266F588}"
EndProject
Project("{9A19103F-16F7-4668-BE54-9A1E7A4F7556}") = "D8S.Z0003", "..\..\..\davidcoats\D8S.Z0003.Private\source\D8S.Z0003\D8S.Z0003.csproj", "{8B2E8EFD-1501-4F77-A46F-3CC574D8D28E}"
EndProject
Project("{9A19103F-16F7-4668-BE54-9A1E7A4F7556}") = "R5T.F0032", "..\..\R5T.F0032\source\R5T.F0032\R5T.F0032.csproj", "{20EC86F1-FAB8-44EE-AA07-6D30F542F63A}"
EndProject
Project("{9A19103F-16F7-4668-BE54-9A1E7A4F7556}") = "R5T.T0144", "..\..\R5T.T0144\source\R5T.T0144\R5T.T0144.csproj", "{2B531256-3595-44B8-8387-219B52F02A3D}"
EndProject
Global
	GlobalSection(SolutionConfigurationPlatforms) = preSolution
		Debug|Any CPU = Debug|Any CPU
		Release|Any CPU = Release|Any CPU
	EndGlobalSection
	GlobalSection(ProjectConfigurationPlatforms) = postSolution
		{5463C271-5CE4-4342-8BB6-AA0A8B9F897E}.Debug|Any CPU.ActiveCfg = Debug|Any CPU
		{5463C271-5CE4-4342-8BB6-AA0A8B9F897E}.Debug|Any CPU.Build.0 = Debug|Any CPU
		{5463C271-5CE4-4342-8BB6-AA0A8B9F897E}.Release|Any CPU.ActiveCfg = Release|Any CPU
		{5463C271-5CE4-4342-8BB6-AA0A8B9F897E}.Release|Any CPU.Build.0 = Release|Any CPU
		{833402DC-6700-4207-83E5-73BC8B190CBB}.Debug|Any CPU.ActiveCfg = Debug|Any CPU
		{833402DC-6700-4207-83E5-73BC8B190CBB}.Debug|Any CPU.Build.0 = Debug|Any CPU
		{833402DC-6700-4207-83E5-73BC8B190CBB}.Release|Any CPU.ActiveCfg = Release|Any CPU
		{833402DC-6700-4207-83E5-73BC8B190CBB}.Release|Any CPU.Build.0 = Release|Any CPU
		{49E74E7C-75E4-4D86-B709-2A0B9FA78686}.Debug|Any CPU.ActiveCfg = Debug|Any CPU
		{49E74E7C-75E4-4D86-B709-2A0B9FA78686}.Debug|Any CPU.Build.0 = Debug|Any CPU
		{49E74E7C-75E4-4D86-B709-2A0B9FA78686}.Release|Any CPU.ActiveCfg = Release|Any CPU
		{49E74E7C-75E4-4D86-B709-2A0B9FA78686}.Release|Any CPU.Build.0 = Release|Any CPU
		{20DDB23D-FEA1-4030-B8E2-48AA2FE32468}.Debug|Any CPU.ActiveCfg = Debug|Any CPU
		{20DDB23D-FEA1-4030-B8E2-48AA2FE32468}.Debug|Any CPU.Build.0 = Debug|Any CPU
		{20DDB23D-FEA1-4030-B8E2-48AA2FE32468}.Release|Any CPU.ActiveCfg = Release|Any CPU
		{20DDB23D-FEA1-4030-B8E2-48AA2FE32468}.Release|Any CPU.Build.0 = Release|Any CPU
		{193C0CA1-DDBA-46C5-AB28-0BBC61CE7B6A}.Debug|Any CPU.ActiveCfg = Debug|Any CPU
		{193C0CA1-DDBA-46C5-AB28-0BBC61CE7B6A}.Debug|Any CPU.Build.0 = Debug|Any CPU
		{193C0CA1-DDBA-46C5-AB28-0BBC61CE7B6A}.Release|Any CPU.ActiveCfg = Release|Any CPU
		{193C0CA1-DDBA-46C5-AB28-0BBC61CE7B6A}.Release|Any CPU.Build.0 = Release|Any CPU
		{D39EB813-0FE0-467C-BE4E-46F072B98A14}.Debug|Any CPU.ActiveCfg = Debug|Any CPU
		{D39EB813-0FE0-467C-BE4E-46F072B98A14}.Debug|Any CPU.Build.0 = Debug|Any CPU
		{D39EB813-0FE0-467C-BE4E-46F072B98A14}.Release|Any CPU.ActiveCfg = Release|Any CPU
		{D39EB813-0FE0-467C-BE4E-46F072B98A14}.Release|Any CPU.Build.0 = Release|Any CPU
		{8F5AC0D6-4276-4865-8269-D6E35C8AF757}.Debug|Any CPU.ActiveCfg = Debug|Any CPU
		{8F5AC0D6-4276-4865-8269-D6E35C8AF757}.Debug|Any CPU.Build.0 = Debug|Any CPU
		{8F5AC0D6-4276-4865-8269-D6E35C8AF757}.Release|Any CPU.ActiveCfg = Release|Any CPU
		{8F5AC0D6-4276-4865-8269-D6E35C8AF757}.Release|Any CPU.Build.0 = Release|Any CPU
		{85197F15-CF9B-40D3-A40D-9BC1FDEB66C5}.Debug|Any CPU.ActiveCfg = Debug|Any CPU
		{85197F15-CF9B-40D3-A40D-9BC1FDEB66C5}.Debug|Any CPU.Build.0 = Debug|Any CPU
		{85197F15-CF9B-40D3-A40D-9BC1FDEB66C5}.Release|Any CPU.ActiveCfg = Release|Any CPU
		{85197F15-CF9B-40D3-A40D-9BC1FDEB66C5}.Release|Any CPU.Build.0 = Release|Any CPU
		{4D70538E-B5E9-4F43-9216-E81C89E97528}.Debug|Any CPU.ActiveCfg = Debug|Any CPU
		{4D70538E-B5E9-4F43-9216-E81C89E97528}.Debug|Any CPU.Build.0 = Debug|Any CPU
		{4D70538E-B5E9-4F43-9216-E81C89E97528}.Release|Any CPU.ActiveCfg = Release|Any CPU
		{4D70538E-B5E9-4F43-9216-E81C89E97528}.Release|Any CPU.Build.0 = Release|Any CPU
		{70D37D94-D90A-4013-ADD4-4E613266F588}.Debug|Any CPU.ActiveCfg = Debug|Any CPU
		{70D37D94-D90A-4013-ADD4-4E613266F588}.Debug|Any CPU.Build.0 = Debug|Any CPU
		{70D37D94-D90A-4013-ADD4-4E613266F588}.Release|Any CPU.ActiveCfg = Release|Any CPU
		{70D37D94-D90A-4013-ADD4-4E613266F588}.Release|Any CPU.Build.0 = Release|Any CPU
		{8B2E8EFD-1501-4F77-A46F-3CC574D8D28E}.Debug|Any CPU.ActiveCfg = Debug|Any CPU
		{8B2E8EFD-1501-4F77-A46F-3CC574D8D28E}.Debug|Any CPU.Build.0 = Debug|Any CPU
		{8B2E8EFD-1501-4F77-A46F-3CC574D8D28E}.Release|Any CPU.ActiveCfg = Release|Any CPU
		{8B2E8EFD-1501-4F77-A46F-3CC574D8D28E}.Release|Any CPU.Build.0 = Release|Any CPU
		{20EC86F1-FAB8-44EE-AA07-6D30F542F63A}.Debug|Any CPU.ActiveCfg = Debug|Any CPU
		{20EC86F1-FAB8-44EE-AA07-6D30F542F63A}.Debug|Any CPU.Build.0 = Debug|Any CPU
		{20EC86F1-FAB8-44EE-AA07-6D30F542F63A}.Release|Any CPU.ActiveCfg = Release|Any CPU
		{20EC86F1-FAB8-44EE-AA07-6D30F542F63A}.Release|Any CPU.Build.0 = Release|Any CPU
		{2B531256-3595-44B8-8387-219B52F02A3D}.Debug|Any CPU.ActiveCfg = Debug|Any CPU
		{2B531256-3595-44B8-8387-219B52F02A3D}.Debug|Any CPU.Build.0 = Debug|Any CPU
		{2B531256-3595-44B8-8387-219B52F02A3D}.Release|Any CPU.ActiveCfg = Release|Any CPU
		{2B531256-3595-44B8-8387-219B52F02A3D}.Release|Any CPU.Build.0 = Release|Any CPU
	EndGlobalSection
	GlobalSection(SolutionProperties) = preSolution
		HideSolutionNode = FALSE
	EndGlobalSection
	GlobalSection(NestedProjects) = preSolution
		{833402DC-6700-4207-83E5-73BC8B190CBB} = {01A9385D-D80E-4277-993B-ABC0EFCF16A8}
		{49E74E7C-75E4-4D86-B709-2A0B9FA78686} = {01A9385D-D80E-4277-993B-ABC0EFCF16A8}
		{20DDB23D-FEA1-4030-B8E2-48AA2FE32468} = {01A9385D-D80E-4277-993B-ABC0EFCF16A8}
		{193C0CA1-DDBA-46C5-AB28-0BBC61CE7B6A} = {01A9385D-D80E-4277-993B-ABC0EFCF16A8}
		{D39EB813-0FE0-467C-BE4E-46F072B98A14} = {01A9385D-D80E-4277-993B-ABC0EFCF16A8}
		{8F5AC0D6-4276-4865-8269-D6E35C8AF757} = {01A9385D-D80E-4277-993B-ABC0EFCF16A8}
		{85197F15-CF9B-40D3-A40D-9BC1FDEB66C5} = {01A9385D-D80E-4277-993B-ABC0EFCF16A8}
		{4D70538E-B5E9-4F43-9216-E81C89E97528} = {01A9385D-D80E-4277-993B-ABC0EFCF16A8}
		{70D37D94-D90A-4013-ADD4-4E613266F588} = {01A9385D-D80E-4277-993B-ABC0EFCF16A8}
		{8B2E8EFD-1501-4F77-A46F-3CC574D8D28E} = {01A9385D-D80E-4277-993B-ABC0EFCF16A8}
		{20EC86F1-FAB8-44EE-AA07-6D30F542F63A} = {01A9385D-D80E-4277-993B-ABC0EFCF16A8}
		{2B531256-3595-44B8-8387-219B52F02A3D} = {01A9385D-D80E-4277-993B-ABC0EFCF16A8}
	EndGlobalSection
	GlobalSection(ExtensibilityGlobals) = postSolution
		SolutionGuid = {C82E17A0-DCBA-492E-865C-C9A7F4D597DB}
	EndGlobalSection
EndGlobal
