
Microsoft Visual Studio Solution File, Format Version 12.00
# Visual Studio Version 17
VisualStudioVersion = 17.2.32630.192
MinimumVisualStudioVersion = 10.0.40219.1
Project("{9A19103F-16F7-4668-BE54-9A1E7A4F7556}") = "R5T.S0060.S002", "R5T.S0060.S002\R5T.S0060.S002.csproj", "{A1C5A071-09EE-4762-9D75-96550EBE182F}"
EndProject
Project("{2150E333-8FDC-42A3-9474-1A3956D46DE8}") = "_Dependencies", "_Dependencies", "{67116320-DC18-42ED-8050-7A67102789AE}"
EndProject
Project("{9A19103F-16F7-4668-BE54-9A1E7A4F7556}") = "R5T.F0000", "..\..\R5T.F0000\source\R5T.F0000\R5T.F0000.csproj", "{97817C42-5C4B-492D-8902-BDDD42150391}"
EndProject
Project("{9A19103F-16F7-4668-BE54-9A1E7A4F7556}") = "R5T.T0131", "..\..\R5T.T0131\source\R5T.T0131\R5T.T0131.csproj", "{16B6AF72-BD4F-4944-81F8-3D40CAC0A928}"
EndProject
Project("{9A19103F-16F7-4668-BE54-9A1E7A4F7556}") = "R5T.T0132", "..\..\R5T.T0132\source\R5T.T0132\R5T.T0132.csproj", "{49F41C0C-C888-4B62-BF99-D98CDCE5964C}"
EndProject
Project("{9A19103F-16F7-4668-BE54-9A1E7A4F7556}") = "R5T.T0142", "..\..\R5T.T0142\source\R5T.T0142\R5T.T0142.csproj", "{7C579ACC-C0BA-422C-868A-0BD7665742DF}"
EndProject
Project("{9A19103F-16F7-4668-BE54-9A1E7A4F7556}") = "R5T.T0143", "..\..\R5T.T0143\source\R5T.T0143\R5T.T0143.csproj", "{8837A01E-B972-41D0-9D55-24EF380BFBE6}"
EndProject
Project("{9A19103F-16F7-4668-BE54-9A1E7A4F7556}") = "R5T.Y0000", "..\..\R5T.Y0000\source\R5T.Y0000\R5T.Y0000.csproj", "{A7D06105-360F-414A-AD18-2C1C91DFFA73}"
EndProject
Project("{9A19103F-16F7-4668-BE54-9A1E7A4F7556}") = "R5T.Z0000", "..\..\R5T.Z0000\source\R5T.Z0000\R5T.Z0000.csproj", "{59ABB785-29CE-47B7-BA78-9A769C35D67C}"
EndProject
Global
	GlobalSection(NestedProjects) = preSolution
		{97817C42-5C4B-492D-8902-BDDD42150391} = {67116320-DC18-42ED-8050-7A67102789AE}
		{16B6AF72-BD4F-4944-81F8-3D40CAC0A928} = {67116320-DC18-42ED-8050-7A67102789AE}
		{49F41C0C-C888-4B62-BF99-D98CDCE5964C} = {67116320-DC18-42ED-8050-7A67102789AE}
		{7C579ACC-C0BA-422C-868A-0BD7665742DF} = {67116320-DC18-42ED-8050-7A67102789AE}
		{8837A01E-B972-41D0-9D55-24EF380BFBE6} = {67116320-DC18-42ED-8050-7A67102789AE}
		{A7D06105-360F-414A-AD18-2C1C91DFFA73} = {67116320-DC18-42ED-8050-7A67102789AE}
		{59ABB785-29CE-47B7-BA78-9A769C35D67C} = {67116320-DC18-42ED-8050-7A67102789AE}
	EndGlobalSection
	GlobalSection(SolutionConfigurationPlatforms) = preSolution
		Debug|Any CPU = Debug|Any CPU
		Release|Any CPU = Release|Any CPU
	EndGlobalSection
	GlobalSection(ProjectConfigurationPlatforms) = postSolution
		{A1C5A071-09EE-4762-9D75-96550EBE182F}.Debug|Any CPU.ActiveCfg = Debug|Any CPU
		{A1C5A071-09EE-4762-9D75-96550EBE182F}.Debug|Any CPU.Build.0 = Debug|Any CPU
		{A1C5A071-09EE-4762-9D75-96550EBE182F}.Release|Any CPU.ActiveCfg = Release|Any CPU
		{A1C5A071-09EE-4762-9D75-96550EBE182F}.Release|Any CPU.Build.0 = Release|Any CPU
		{97817C42-5C4B-492D-8902-BDDD42150391}.Debug|Any CPU.ActiveCfg = Debug|Any CPU
		{97817C42-5C4B-492D-8902-BDDD42150391}.Debug|Any CPU.Build.0 = Debug|Any CPU
		{97817C42-5C4B-492D-8902-BDDD42150391}.Release|Any CPU.ActiveCfg = Release|Any CPU
		{97817C42-5C4B-492D-8902-BDDD42150391}.Release|Any CPU.Build.0 = Release|Any CPU
		{16B6AF72-BD4F-4944-81F8-3D40CAC0A928}.Debug|Any CPU.ActiveCfg = Debug|Any CPU
		{16B6AF72-BD4F-4944-81F8-3D40CAC0A928}.Debug|Any CPU.Build.0 = Debug|Any CPU
		{16B6AF72-BD4F-4944-81F8-3D40CAC0A928}.Release|Any CPU.ActiveCfg = Release|Any CPU
		{16B6AF72-BD4F-4944-81F8-3D40CAC0A928}.Release|Any CPU.Build.0 = Release|Any CPU
		{49F41C0C-C888-4B62-BF99-D98CDCE5964C}.Debug|Any CPU.ActiveCfg = Debug|Any CPU
		{49F41C0C-C888-4B62-BF99-D98CDCE5964C}.Debug|Any CPU.Build.0 = Debug|Any CPU
		{49F41C0C-C888-4B62-BF99-D98CDCE5964C}.Release|Any CPU.ActiveCfg = Release|Any CPU
		{49F41C0C-C888-4B62-BF99-D98CDCE5964C}.Release|Any CPU.Build.0 = Release|Any CPU
		{7C579ACC-C0BA-422C-868A-0BD7665742DF}.Debug|Any CPU.ActiveCfg = Debug|Any CPU
		{7C579ACC-C0BA-422C-868A-0BD7665742DF}.Debug|Any CPU.Build.0 = Debug|Any CPU
		{7C579ACC-C0BA-422C-868A-0BD7665742DF}.Release|Any CPU.ActiveCfg = Release|Any CPU
		{7C579ACC-C0BA-422C-868A-0BD7665742DF}.Release|Any CPU.Build.0 = Release|Any CPU
		{8837A01E-B972-41D0-9D55-24EF380BFBE6}.Debug|Any CPU.ActiveCfg = Debug|Any CPU
		{8837A01E-B972-41D0-9D55-24EF380BFBE6}.Debug|Any CPU.Build.0 = Debug|Any CPU
		{8837A01E-B972-41D0-9D55-24EF380BFBE6}.Release|Any CPU.ActiveCfg = Release|Any CPU
		{8837A01E-B972-41D0-9D55-24EF380BFBE6}.Release|Any CPU.Build.0 = Release|Any CPU
		{A7D06105-360F-414A-AD18-2C1C91DFFA73}.Debug|Any CPU.ActiveCfg = Debug|Any CPU
		{A7D06105-360F-414A-AD18-2C1C91DFFA73}.Debug|Any CPU.Build.0 = Debug|Any CPU
		{A7D06105-360F-414A-AD18-2C1C91DFFA73}.Release|Any CPU.ActiveCfg = Release|Any CPU
		{A7D06105-360F-414A-AD18-2C1C91DFFA73}.Release|Any CPU.Build.0 = Release|Any CPU
		{59ABB785-29CE-47B7-BA78-9A769C35D67C}.Debug|Any CPU.ActiveCfg = Debug|Any CPU
		{59ABB785-29CE-47B7-BA78-9A769C35D67C}.Debug|Any CPU.Build.0 = Debug|Any CPU
		{59ABB785-29CE-47B7-BA78-9A769C35D67C}.Release|Any CPU.ActiveCfg = Release|Any CPU
		{59ABB785-29CE-47B7-BA78-9A769C35D67C}.Release|Any CPU.Build.0 = Release|Any CPU
	EndGlobalSection
	GlobalSection(SolutionProperties) = preSolution
		HideSolutionNode = FALSE
	EndGlobalSection
	GlobalSection(ExtensibilityGlobals) = postSolution
		SolutionGuid = {B8C70231-223D-4E46-9683-81E0674DF317}
	EndGlobalSection
EndGlobal
