
Microsoft Visual Studio Solution File, Format Version 12.00
# Visual Studio Version 17
VisualStudioVersion = 17.2.32630.192
MinimumVisualStudioVersion = 10.0.40219.1
Project("{9A19103F-16F7-4668-BE54-9A1E7A4F7556}") = "R5T.S0060.Deploy", "R5T.S0060.Deploy\R5T.S0060.Deploy.csproj", "{6A31CCC4-384E-43C0-8D30-485B6BFBCD90}"
EndProject
Project("{2150E333-8FDC-42A3-9474-1A3956D46DE8}") = "_Dependencies", "_Dependencies", "{7A97BC0C-A11E-4AED-9821-BB704D0C0207}"
EndProject
Project("{9A19103F-16F7-4668-BE54-9A1E7A4F7556}") = "R5T.F0000", "..\..\R5T.F0000\source\R5T.F0000\R5T.F0000.csproj", "{A33CAB1F-07B9-4B36-88BD-B953A590EDB9}"
EndProject
Project("{9A19103F-16F7-4668-BE54-9A1E7A4F7556}") = "R5T.F0002", "..\..\R5T.F0002\source\R5T.F0002\R5T.F0002.csproj", "{BD1E6DF3-0AB4-4A94-A86D-01CEFB3FB78A}"
EndProject
Project("{9A19103F-16F7-4668-BE54-9A1E7A4F7556}") = "R5T.F0016.F001", "..\..\R5T.F0016\source\R5T.F0016.F001\R5T.F0016.F001.csproj", "{F05DD180-98CE-48E9-A64C-5ADF6D5EE209}"
EndProject
Project("{9A19103F-16F7-4668-BE54-9A1E7A4F7556}") = "R5T.F0016", "..\..\R5T.F0016\source\R5T.F0016\R5T.F0016.csproj", "{06777A57-2E90-4D0C-80C7-101A42A68A0C}"
EndProject
Project("{9A19103F-16F7-4668-BE54-9A1E7A4F7556}") = "R5T.F0020", "..\..\R5T.F0020\source\R5T.F0020\R5T.F0020.csproj", "{3D081776-4265-47C9-85D7-34EE3E9531ED}"
EndProject
Project("{9A19103F-16F7-4668-BE54-9A1E7A4F7556}") = "R5T.F0026", "..\..\R5T.F0026\source\R5T.F0026\R5T.F0026.csproj", "{0E4CCC20-4FE5-4A00-B669-AB0ECA0A63FE}"
EndProject
Project("{9A19103F-16F7-4668-BE54-9A1E7A4F7556}") = "R5T.F0027", "..\..\R5T.F0027\source\R5T.F0027\R5T.F0027.csproj", "{C5F89C5D-F6B1-4EA6-BFF1-909BE50A933E}"
EndProject
Project("{9A19103F-16F7-4668-BE54-9A1E7A4F7556}") = "R5T.F0029", "..\..\R5T.F0029\source\R5T.F0029\R5T.F0029.csproj", "{C706D959-3CC4-4237-97ED-BE46B3F945F1}"
EndProject
Project("{9A19103F-16F7-4668-BE54-9A1E7A4F7556}") = "R5T.F0030", "..\..\R5T.F0030\source\R5T.F0030\R5T.F0030.csproj", "{12529523-B06F-4D43-90AF-EFEA02EB80A7}"
EndProject
Project("{9A19103F-16F7-4668-BE54-9A1E7A4F7556}") = "R5T.F0034", "..\..\R5T.F0034\source\R5T.F0034\R5T.F0034.csproj", "{8407F30C-8547-47BA-8A4F-7400ECDCC5BF}"
EndProject
Project("{9A19103F-16F7-4668-BE54-9A1E7A4F7556}") = "R5T.F0035", "..\..\R5T.F0035\source\R5T.F0035\R5T.F0035.csproj", "{5839A124-F861-4362-B24F-4CB7791CB785}"
EndProject
Project("{9A19103F-16F7-4668-BE54-9A1E7A4F7556}") = "R5T.F0040.F000", "..\..\R5T.F0040\source\R5T.F0040.F000\R5T.F0040.F000.csproj", "{BC587806-EFFC-4637-99B1-AFA759BA116E}"
EndProject
Project("{9A19103F-16F7-4668-BE54-9A1E7A4F7556}") = "R5T.F0052", "..\..\R5T.F0052\source\R5T.F0052\R5T.F0052.csproj", "{54F58581-C5D9-4173-B642-805A6F75A36B}"
EndProject
Project("{9A19103F-16F7-4668-BE54-9A1E7A4F7556}") = "R5T.F0053", "..\..\R5T.F0053\source\R5T.F0053\R5T.F0053.csproj", "{949F25F1-6FF8-4F81-9AFC-10CF9E8CB5C1}"
EndProject
Project("{9A19103F-16F7-4668-BE54-9A1E7A4F7556}") = "R5T.F0054", "..\..\R5T.F0054\source\R5T.F0054\R5T.F0054.csproj", "{9D69744C-40C2-4151-A706-67D96942CFC6}"
EndProject
Project("{9A19103F-16F7-4668-BE54-9A1E7A4F7556}") = "R5T.F0076", "..\..\R5T.F0076\source\R5T.F0076\R5T.F0076.csproj", "{A4F1F428-14C1-4245-B1B7-4113C1EA0BB8}"
EndProject
Project("{9A19103F-16F7-4668-BE54-9A1E7A4F7556}") = "R5T.F0077", "..\..\R5T.F0077\source\R5T.F0077\R5T.F0077.csproj", "{9783A044-ACD7-419B-8707-8ABA662E6068}"
EndProject
Project("{9A19103F-16F7-4668-BE54-9A1E7A4F7556}") = "R5T.F0096", "..\..\R5T.F0096\source\R5T.F0096\R5T.F0096.csproj", "{20BE2EA8-8BF3-4E47-9D49-93285E353467}"
EndProject
Project("{9A19103F-16F7-4668-BE54-9A1E7A4F7556}") = "R5T.L0015", "..\..\R5T.L0015\source\R5T.L0015\R5T.L0015.csproj", "{319E15F1-8F93-485B-8E4C-4F6D5986150F}"
EndProject
Project("{9A19103F-16F7-4668-BE54-9A1E7A4F7556}") = "R5T.L0024", "..\..\R5T.L0024\source\R5T.L0024\R5T.L0024.csproj", "{1AD43EF2-3C38-4A68-8BCB-2080D88E2472}"
EndProject
Project("{9A19103F-16F7-4668-BE54-9A1E7A4F7556}") = "R5T.L0028", "..\..\R5T.L0028\source\R5T.L0028\R5T.L0028.csproj", "{7274E1B6-A5D7-4258-9459-C216DED6EE0D}"
EndProject
Project("{9A19103F-16F7-4668-BE54-9A1E7A4F7556}") = "R5T.L0029", "..\..\R5T.L0029\source\R5T.L0029\R5T.L0029.csproj", "{9746E68D-6D7D-41DA-8EDE-D335773DCFBB}"
EndProject
Project("{9A19103F-16F7-4668-BE54-9A1E7A4F7556}") = "R5T.NG0002", "..\..\R5T.NG0002\source\R5T.NG0002\R5T.NG0002.csproj", "{2BEAA18C-D0F2-497A-9CC5-307F0846E43C}"
EndProject
Project("{9A19103F-16F7-4668-BE54-9A1E7A4F7556}") = "R5T.NG0003", "..\..\R5T.NG0003\source\R5T.NG0003\R5T.NG0003.csproj", "{9298AD00-39E3-437E-A34B-928B2035E9C6}"
EndProject
Project("{9A19103F-16F7-4668-BE54-9A1E7A4F7556}") = "R5T.NG0006", "..\..\R5T.NG0006\source\R5T.NG0006\R5T.NG0006.csproj", "{C00FDA7F-AE8E-4138-82A8-E6D51B8DEEDC}"
EndProject
Project("{9A19103F-16F7-4668-BE54-9A1E7A4F7556}") = "R5T.T0131", "..\..\R5T.T0131\source\R5T.T0131\R5T.T0131.csproj", "{674011D8-EBEC-4056-88EB-1254998D1E61}"
EndProject
Project("{9A19103F-16F7-4668-BE54-9A1E7A4F7556}") = "R5T.T0132", "..\..\R5T.T0132\source\R5T.T0132\R5T.T0132.csproj", "{272D8A59-AF35-4D41-B264-55B31E3E1464}"
EndProject
Project("{9A19103F-16F7-4668-BE54-9A1E7A4F7556}") = "R5T.T0142", "..\..\R5T.T0142\source\R5T.T0142\R5T.T0142.csproj", "{D3AAB992-523A-4F42-9D70-3CCD208F6193}"
EndProject
Project("{9A19103F-16F7-4668-BE54-9A1E7A4F7556}") = "R5T.T0143", "..\..\R5T.T0143\source\R5T.T0143\R5T.T0143.csproj", "{E68FB54D-3DB0-4430-A3DF-95E0E9CFBFF0}"
EndProject
Project("{9A19103F-16F7-4668-BE54-9A1E7A4F7556}") = "R5T.T0144", "..\..\R5T.T0144\source\R5T.T0144\R5T.T0144.csproj", "{A70F82B7-474C-4A25-A5B0-57CB40770F87}"
EndProject
Project("{9A19103F-16F7-4668-BE54-9A1E7A4F7556}") = "R5T.T0145", "..\..\R5T.T0145\source\R5T.T0145\R5T.T0145.csproj", "{80E47EC8-7566-4BDA-B3E8-CE60A5982B27}"
EndProject
Project("{9A19103F-16F7-4668-BE54-9A1E7A4F7556}") = "R5T.T0152", "..\..\R5T.T0152\source\R5T.T0152\R5T.T0152.csproj", "{5C56E211-D738-404C-B255-249D37D1A1D6}"
EndProject
Project("{9A19103F-16F7-4668-BE54-9A1E7A4F7556}") = "R5T.Y0000", "..\..\R5T.Y0000\source\R5T.Y0000\R5T.Y0000.csproj", "{352DF6BB-7B3D-45B1-B0F2-D0B5FAD149D1}"
EndProject
Project("{9A19103F-16F7-4668-BE54-9A1E7A4F7556}") = "R5T.Z0000", "..\..\R5T.Z0000\source\R5T.Z0000\R5T.Z0000.csproj", "{AEAFD5EE-E1DE-4D89-BA1F-B0AA2FC6A3E6}"
EndProject
Project("{9A19103F-16F7-4668-BE54-9A1E7A4F7556}") = "R5T.Z0011", "..\..\R5T.Z0011\source\R5T.Z0011\R5T.Z0011.csproj", "{59459B05-7D3B-4D18-A8E0-EE636F86C306}"
EndProject
Project("{9A19103F-16F7-4668-BE54-9A1E7A4F7556}") = "R5T.Z0017", "..\..\R5T.Z0017.Private\source\R5T.Z0017\R5T.Z0017.csproj", "{0C95AA85-114E-4C4B-91C4-CF4466BB4B47}"
EndProject
Project("{9A19103F-16F7-4668-BE54-9A1E7A4F7556}") = "R5T.Z0024", "..\..\R5T.Z0024.Private\source\R5T.Z0024\R5T.Z0024.csproj", "{E6D41ADF-49C2-451A-A505-4B4C6CD718B8}"
EndProject
Project("{9A19103F-16F7-4668-BE54-9A1E7A4F7556}") = "D8S.F0001", "..\..\..\davidcoats\D8S.F0001.Private\source\D8S.F0001\D8S.F0001.csproj", "{150FABA7-51AA-4812-A902-FB46481AFF2D}"
EndProject
Global
	GlobalSection(SolutionConfigurationPlatforms) = preSolution
		Debug|Any CPU = Debug|Any CPU
		Release|Any CPU = Release|Any CPU
	EndGlobalSection
	GlobalSection(ProjectConfigurationPlatforms) = postSolution
		{6A31CCC4-384E-43C0-8D30-485B6BFBCD90}.Debug|Any CPU.ActiveCfg = Debug|Any CPU
		{6A31CCC4-384E-43C0-8D30-485B6BFBCD90}.Debug|Any CPU.Build.0 = Debug|Any CPU
		{6A31CCC4-384E-43C0-8D30-485B6BFBCD90}.Release|Any CPU.ActiveCfg = Release|Any CPU
		{6A31CCC4-384E-43C0-8D30-485B6BFBCD90}.Release|Any CPU.Build.0 = Release|Any CPU
		{A33CAB1F-07B9-4B36-88BD-B953A590EDB9}.Debug|Any CPU.ActiveCfg = Debug|Any CPU
		{A33CAB1F-07B9-4B36-88BD-B953A590EDB9}.Debug|Any CPU.Build.0 = Debug|Any CPU
		{A33CAB1F-07B9-4B36-88BD-B953A590EDB9}.Release|Any CPU.ActiveCfg = Release|Any CPU
		{A33CAB1F-07B9-4B36-88BD-B953A590EDB9}.Release|Any CPU.Build.0 = Release|Any CPU
		{BD1E6DF3-0AB4-4A94-A86D-01CEFB3FB78A}.Debug|Any CPU.ActiveCfg = Debug|Any CPU
		{BD1E6DF3-0AB4-4A94-A86D-01CEFB3FB78A}.Debug|Any CPU.Build.0 = Debug|Any CPU
		{BD1E6DF3-0AB4-4A94-A86D-01CEFB3FB78A}.Release|Any CPU.ActiveCfg = Release|Any CPU
		{BD1E6DF3-0AB4-4A94-A86D-01CEFB3FB78A}.Release|Any CPU.Build.0 = Release|Any CPU
		{F05DD180-98CE-48E9-A64C-5ADF6D5EE209}.Debug|Any CPU.ActiveCfg = Debug|Any CPU
		{F05DD180-98CE-48E9-A64C-5ADF6D5EE209}.Debug|Any CPU.Build.0 = Debug|Any CPU
		{F05DD180-98CE-48E9-A64C-5ADF6D5EE209}.Release|Any CPU.ActiveCfg = Release|Any CPU
		{F05DD180-98CE-48E9-A64C-5ADF6D5EE209}.Release|Any CPU.Build.0 = Release|Any CPU
		{06777A57-2E90-4D0C-80C7-101A42A68A0C}.Debug|Any CPU.ActiveCfg = Debug|Any CPU
		{06777A57-2E90-4D0C-80C7-101A42A68A0C}.Debug|Any CPU.Build.0 = Debug|Any CPU
		{06777A57-2E90-4D0C-80C7-101A42A68A0C}.Release|Any CPU.ActiveCfg = Release|Any CPU
		{06777A57-2E90-4D0C-80C7-101A42A68A0C}.Release|Any CPU.Build.0 = Release|Any CPU
		{3D081776-4265-47C9-85D7-34EE3E9531ED}.Debug|Any CPU.ActiveCfg = Debug|Any CPU
		{3D081776-4265-47C9-85D7-34EE3E9531ED}.Debug|Any CPU.Build.0 = Debug|Any CPU
		{3D081776-4265-47C9-85D7-34EE3E9531ED}.Release|Any CPU.ActiveCfg = Release|Any CPU
		{3D081776-4265-47C9-85D7-34EE3E9531ED}.Release|Any CPU.Build.0 = Release|Any CPU
		{0E4CCC20-4FE5-4A00-B669-AB0ECA0A63FE}.Debug|Any CPU.ActiveCfg = Debug|Any CPU
		{0E4CCC20-4FE5-4A00-B669-AB0ECA0A63FE}.Debug|Any CPU.Build.0 = Debug|Any CPU
		{0E4CCC20-4FE5-4A00-B669-AB0ECA0A63FE}.Release|Any CPU.ActiveCfg = Release|Any CPU
		{0E4CCC20-4FE5-4A00-B669-AB0ECA0A63FE}.Release|Any CPU.Build.0 = Release|Any CPU
		{C5F89C5D-F6B1-4EA6-BFF1-909BE50A933E}.Debug|Any CPU.ActiveCfg = Debug|Any CPU
		{C5F89C5D-F6B1-4EA6-BFF1-909BE50A933E}.Debug|Any CPU.Build.0 = Debug|Any CPU
		{C5F89C5D-F6B1-4EA6-BFF1-909BE50A933E}.Release|Any CPU.ActiveCfg = Release|Any CPU
		{C5F89C5D-F6B1-4EA6-BFF1-909BE50A933E}.Release|Any CPU.Build.0 = Release|Any CPU
		{C706D959-3CC4-4237-97ED-BE46B3F945F1}.Debug|Any CPU.ActiveCfg = Debug|Any CPU
		{C706D959-3CC4-4237-97ED-BE46B3F945F1}.Debug|Any CPU.Build.0 = Debug|Any CPU
		{C706D959-3CC4-4237-97ED-BE46B3F945F1}.Release|Any CPU.ActiveCfg = Release|Any CPU
		{C706D959-3CC4-4237-97ED-BE46B3F945F1}.Release|Any CPU.Build.0 = Release|Any CPU
		{12529523-B06F-4D43-90AF-EFEA02EB80A7}.Debug|Any CPU.ActiveCfg = Debug|Any CPU
		{12529523-B06F-4D43-90AF-EFEA02EB80A7}.Debug|Any CPU.Build.0 = Debug|Any CPU
		{12529523-B06F-4D43-90AF-EFEA02EB80A7}.Release|Any CPU.ActiveCfg = Release|Any CPU
		{12529523-B06F-4D43-90AF-EFEA02EB80A7}.Release|Any CPU.Build.0 = Release|Any CPU
		{8407F30C-8547-47BA-8A4F-7400ECDCC5BF}.Debug|Any CPU.ActiveCfg = Debug|Any CPU
		{8407F30C-8547-47BA-8A4F-7400ECDCC5BF}.Debug|Any CPU.Build.0 = Debug|Any CPU
		{8407F30C-8547-47BA-8A4F-7400ECDCC5BF}.Release|Any CPU.ActiveCfg = Release|Any CPU
		{8407F30C-8547-47BA-8A4F-7400ECDCC5BF}.Release|Any CPU.Build.0 = Release|Any CPU
		{5839A124-F861-4362-B24F-4CB7791CB785}.Debug|Any CPU.ActiveCfg = Debug|Any CPU
		{5839A124-F861-4362-B24F-4CB7791CB785}.Debug|Any CPU.Build.0 = Debug|Any CPU
		{5839A124-F861-4362-B24F-4CB7791CB785}.Release|Any CPU.ActiveCfg = Release|Any CPU
		{5839A124-F861-4362-B24F-4CB7791CB785}.Release|Any CPU.Build.0 = Release|Any CPU
		{BC587806-EFFC-4637-99B1-AFA759BA116E}.Debug|Any CPU.ActiveCfg = Debug|Any CPU
		{BC587806-EFFC-4637-99B1-AFA759BA116E}.Debug|Any CPU.Build.0 = Debug|Any CPU
		{BC587806-EFFC-4637-99B1-AFA759BA116E}.Release|Any CPU.ActiveCfg = Release|Any CPU
		{BC587806-EFFC-4637-99B1-AFA759BA116E}.Release|Any CPU.Build.0 = Release|Any CPU
		{54F58581-C5D9-4173-B642-805A6F75A36B}.Debug|Any CPU.ActiveCfg = Debug|Any CPU
		{54F58581-C5D9-4173-B642-805A6F75A36B}.Debug|Any CPU.Build.0 = Debug|Any CPU
		{54F58581-C5D9-4173-B642-805A6F75A36B}.Release|Any CPU.ActiveCfg = Release|Any CPU
		{54F58581-C5D9-4173-B642-805A6F75A36B}.Release|Any CPU.Build.0 = Release|Any CPU
		{949F25F1-6FF8-4F81-9AFC-10CF9E8CB5C1}.Debug|Any CPU.ActiveCfg = Debug|Any CPU
		{949F25F1-6FF8-4F81-9AFC-10CF9E8CB5C1}.Debug|Any CPU.Build.0 = Debug|Any CPU
		{949F25F1-6FF8-4F81-9AFC-10CF9E8CB5C1}.Release|Any CPU.ActiveCfg = Release|Any CPU
		{949F25F1-6FF8-4F81-9AFC-10CF9E8CB5C1}.Release|Any CPU.Build.0 = Release|Any CPU
		{9D69744C-40C2-4151-A706-67D96942CFC6}.Debug|Any CPU.ActiveCfg = Debug|Any CPU
		{9D69744C-40C2-4151-A706-67D96942CFC6}.Debug|Any CPU.Build.0 = Debug|Any CPU
		{9D69744C-40C2-4151-A706-67D96942CFC6}.Release|Any CPU.ActiveCfg = Release|Any CPU
		{9D69744C-40C2-4151-A706-67D96942CFC6}.Release|Any CPU.Build.0 = Release|Any CPU
		{A4F1F428-14C1-4245-B1B7-4113C1EA0BB8}.Debug|Any CPU.ActiveCfg = Debug|Any CPU
		{A4F1F428-14C1-4245-B1B7-4113C1EA0BB8}.Debug|Any CPU.Build.0 = Debug|Any CPU
		{A4F1F428-14C1-4245-B1B7-4113C1EA0BB8}.Release|Any CPU.ActiveCfg = Release|Any CPU
		{A4F1F428-14C1-4245-B1B7-4113C1EA0BB8}.Release|Any CPU.Build.0 = Release|Any CPU
		{9783A044-ACD7-419B-8707-8ABA662E6068}.Debug|Any CPU.ActiveCfg = Debug|Any CPU
		{9783A044-ACD7-419B-8707-8ABA662E6068}.Debug|Any CPU.Build.0 = Debug|Any CPU
		{9783A044-ACD7-419B-8707-8ABA662E6068}.Release|Any CPU.ActiveCfg = Release|Any CPU
		{9783A044-ACD7-419B-8707-8ABA662E6068}.Release|Any CPU.Build.0 = Release|Any CPU
		{20BE2EA8-8BF3-4E47-9D49-93285E353467}.Debug|Any CPU.ActiveCfg = Debug|Any CPU
		{20BE2EA8-8BF3-4E47-9D49-93285E353467}.Debug|Any CPU.Build.0 = Debug|Any CPU
		{20BE2EA8-8BF3-4E47-9D49-93285E353467}.Release|Any CPU.ActiveCfg = Release|Any CPU
		{20BE2EA8-8BF3-4E47-9D49-93285E353467}.Release|Any CPU.Build.0 = Release|Any CPU
		{319E15F1-8F93-485B-8E4C-4F6D5986150F}.Debug|Any CPU.ActiveCfg = Debug|Any CPU
		{319E15F1-8F93-485B-8E4C-4F6D5986150F}.Debug|Any CPU.Build.0 = Debug|Any CPU
		{319E15F1-8F93-485B-8E4C-4F6D5986150F}.Release|Any CPU.ActiveCfg = Release|Any CPU
		{319E15F1-8F93-485B-8E4C-4F6D5986150F}.Release|Any CPU.Build.0 = Release|Any CPU
		{1AD43EF2-3C38-4A68-8BCB-2080D88E2472}.Debug|Any CPU.ActiveCfg = Debug|Any CPU
		{1AD43EF2-3C38-4A68-8BCB-2080D88E2472}.Debug|Any CPU.Build.0 = Debug|Any CPU
		{1AD43EF2-3C38-4A68-8BCB-2080D88E2472}.Release|Any CPU.ActiveCfg = Release|Any CPU
		{1AD43EF2-3C38-4A68-8BCB-2080D88E2472}.Release|Any CPU.Build.0 = Release|Any CPU
		{7274E1B6-A5D7-4258-9459-C216DED6EE0D}.Debug|Any CPU.ActiveCfg = Debug|Any CPU
		{7274E1B6-A5D7-4258-9459-C216DED6EE0D}.Debug|Any CPU.Build.0 = Debug|Any CPU
		{7274E1B6-A5D7-4258-9459-C216DED6EE0D}.Release|Any CPU.ActiveCfg = Release|Any CPU
		{7274E1B6-A5D7-4258-9459-C216DED6EE0D}.Release|Any CPU.Build.0 = Release|Any CPU
		{9746E68D-6D7D-41DA-8EDE-D335773DCFBB}.Debug|Any CPU.ActiveCfg = Debug|Any CPU
		{9746E68D-6D7D-41DA-8EDE-D335773DCFBB}.Debug|Any CPU.Build.0 = Debug|Any CPU
		{9746E68D-6D7D-41DA-8EDE-D335773DCFBB}.Release|Any CPU.ActiveCfg = Release|Any CPU
		{9746E68D-6D7D-41DA-8EDE-D335773DCFBB}.Release|Any CPU.Build.0 = Release|Any CPU
		{2BEAA18C-D0F2-497A-9CC5-307F0846E43C}.Debug|Any CPU.ActiveCfg = Debug|Any CPU
		{2BEAA18C-D0F2-497A-9CC5-307F0846E43C}.Debug|Any CPU.Build.0 = Debug|Any CPU
		{2BEAA18C-D0F2-497A-9CC5-307F0846E43C}.Release|Any CPU.ActiveCfg = Release|Any CPU
		{2BEAA18C-D0F2-497A-9CC5-307F0846E43C}.Release|Any CPU.Build.0 = Release|Any CPU
		{9298AD00-39E3-437E-A34B-928B2035E9C6}.Debug|Any CPU.ActiveCfg = Debug|Any CPU
		{9298AD00-39E3-437E-A34B-928B2035E9C6}.Debug|Any CPU.Build.0 = Debug|Any CPU
		{9298AD00-39E3-437E-A34B-928B2035E9C6}.Release|Any CPU.ActiveCfg = Release|Any CPU
		{9298AD00-39E3-437E-A34B-928B2035E9C6}.Release|Any CPU.Build.0 = Release|Any CPU
		{C00FDA7F-AE8E-4138-82A8-E6D51B8DEEDC}.Debug|Any CPU.ActiveCfg = Debug|Any CPU
		{C00FDA7F-AE8E-4138-82A8-E6D51B8DEEDC}.Debug|Any CPU.Build.0 = Debug|Any CPU
		{C00FDA7F-AE8E-4138-82A8-E6D51B8DEEDC}.Release|Any CPU.ActiveCfg = Release|Any CPU
		{C00FDA7F-AE8E-4138-82A8-E6D51B8DEEDC}.Release|Any CPU.Build.0 = Release|Any CPU
		{674011D8-EBEC-4056-88EB-1254998D1E61}.Debug|Any CPU.ActiveCfg = Debug|Any CPU
		{674011D8-EBEC-4056-88EB-1254998D1E61}.Debug|Any CPU.Build.0 = Debug|Any CPU
		{674011D8-EBEC-4056-88EB-1254998D1E61}.Release|Any CPU.ActiveCfg = Release|Any CPU
		{674011D8-EBEC-4056-88EB-1254998D1E61}.Release|Any CPU.Build.0 = Release|Any CPU
		{272D8A59-AF35-4D41-B264-55B31E3E1464}.Debug|Any CPU.ActiveCfg = Debug|Any CPU
		{272D8A59-AF35-4D41-B264-55B31E3E1464}.Debug|Any CPU.Build.0 = Debug|Any CPU
		{272D8A59-AF35-4D41-B264-55B31E3E1464}.Release|Any CPU.ActiveCfg = Release|Any CPU
		{272D8A59-AF35-4D41-B264-55B31E3E1464}.Release|Any CPU.Build.0 = Release|Any CPU
		{D3AAB992-523A-4F42-9D70-3CCD208F6193}.Debug|Any CPU.ActiveCfg = Debug|Any CPU
		{D3AAB992-523A-4F42-9D70-3CCD208F6193}.Debug|Any CPU.Build.0 = Debug|Any CPU
		{D3AAB992-523A-4F42-9D70-3CCD208F6193}.Release|Any CPU.ActiveCfg = Release|Any CPU
		{D3AAB992-523A-4F42-9D70-3CCD208F6193}.Release|Any CPU.Build.0 = Release|Any CPU
		{E68FB54D-3DB0-4430-A3DF-95E0E9CFBFF0}.Debug|Any CPU.ActiveCfg = Debug|Any CPU
		{E68FB54D-3DB0-4430-A3DF-95E0E9CFBFF0}.Debug|Any CPU.Build.0 = Debug|Any CPU
		{E68FB54D-3DB0-4430-A3DF-95E0E9CFBFF0}.Release|Any CPU.ActiveCfg = Release|Any CPU
		{E68FB54D-3DB0-4430-A3DF-95E0E9CFBFF0}.Release|Any CPU.Build.0 = Release|Any CPU
		{A70F82B7-474C-4A25-A5B0-57CB40770F87}.Debug|Any CPU.ActiveCfg = Debug|Any CPU
		{A70F82B7-474C-4A25-A5B0-57CB40770F87}.Debug|Any CPU.Build.0 = Debug|Any CPU
		{A70F82B7-474C-4A25-A5B0-57CB40770F87}.Release|Any CPU.ActiveCfg = Release|Any CPU
		{A70F82B7-474C-4A25-A5B0-57CB40770F87}.Release|Any CPU.Build.0 = Release|Any CPU
		{80E47EC8-7566-4BDA-B3E8-CE60A5982B27}.Debug|Any CPU.ActiveCfg = Debug|Any CPU
		{80E47EC8-7566-4BDA-B3E8-CE60A5982B27}.Debug|Any CPU.Build.0 = Debug|Any CPU
		{80E47EC8-7566-4BDA-B3E8-CE60A5982B27}.Release|Any CPU.ActiveCfg = Release|Any CPU
		{80E47EC8-7566-4BDA-B3E8-CE60A5982B27}.Release|Any CPU.Build.0 = Release|Any CPU
		{5C56E211-D738-404C-B255-249D37D1A1D6}.Debug|Any CPU.ActiveCfg = Debug|Any CPU
		{5C56E211-D738-404C-B255-249D37D1A1D6}.Debug|Any CPU.Build.0 = Debug|Any CPU
		{5C56E211-D738-404C-B255-249D37D1A1D6}.Release|Any CPU.ActiveCfg = Release|Any CPU
		{5C56E211-D738-404C-B255-249D37D1A1D6}.Release|Any CPU.Build.0 = Release|Any CPU
		{352DF6BB-7B3D-45B1-B0F2-D0B5FAD149D1}.Debug|Any CPU.ActiveCfg = Debug|Any CPU
		{352DF6BB-7B3D-45B1-B0F2-D0B5FAD149D1}.Debug|Any CPU.Build.0 = Debug|Any CPU
		{352DF6BB-7B3D-45B1-B0F2-D0B5FAD149D1}.Release|Any CPU.ActiveCfg = Release|Any CPU
		{352DF6BB-7B3D-45B1-B0F2-D0B5FAD149D1}.Release|Any CPU.Build.0 = Release|Any CPU
		{AEAFD5EE-E1DE-4D89-BA1F-B0AA2FC6A3E6}.Debug|Any CPU.ActiveCfg = Debug|Any CPU
		{AEAFD5EE-E1DE-4D89-BA1F-B0AA2FC6A3E6}.Debug|Any CPU.Build.0 = Debug|Any CPU
		{AEAFD5EE-E1DE-4D89-BA1F-B0AA2FC6A3E6}.Release|Any CPU.ActiveCfg = Release|Any CPU
		{AEAFD5EE-E1DE-4D89-BA1F-B0AA2FC6A3E6}.Release|Any CPU.Build.0 = Release|Any CPU
		{59459B05-7D3B-4D18-A8E0-EE636F86C306}.Debug|Any CPU.ActiveCfg = Debug|Any CPU
		{59459B05-7D3B-4D18-A8E0-EE636F86C306}.Debug|Any CPU.Build.0 = Debug|Any CPU
		{59459B05-7D3B-4D18-A8E0-EE636F86C306}.Release|Any CPU.ActiveCfg = Release|Any CPU
		{59459B05-7D3B-4D18-A8E0-EE636F86C306}.Release|Any CPU.Build.0 = Release|Any CPU
		{0C95AA85-114E-4C4B-91C4-CF4466BB4B47}.Debug|Any CPU.ActiveCfg = Debug|Any CPU
		{0C95AA85-114E-4C4B-91C4-CF4466BB4B47}.Debug|Any CPU.Build.0 = Debug|Any CPU
		{0C95AA85-114E-4C4B-91C4-CF4466BB4B47}.Release|Any CPU.ActiveCfg = Release|Any CPU
		{0C95AA85-114E-4C4B-91C4-CF4466BB4B47}.Release|Any CPU.Build.0 = Release|Any CPU
		{E6D41ADF-49C2-451A-A505-4B4C6CD718B8}.Debug|Any CPU.ActiveCfg = Debug|Any CPU
		{E6D41ADF-49C2-451A-A505-4B4C6CD718B8}.Debug|Any CPU.Build.0 = Debug|Any CPU
		{E6D41ADF-49C2-451A-A505-4B4C6CD718B8}.Release|Any CPU.ActiveCfg = Release|Any CPU
		{E6D41ADF-49C2-451A-A505-4B4C6CD718B8}.Release|Any CPU.Build.0 = Release|Any CPU
		{150FABA7-51AA-4812-A902-FB46481AFF2D}.Debug|Any CPU.ActiveCfg = Debug|Any CPU
		{150FABA7-51AA-4812-A902-FB46481AFF2D}.Debug|Any CPU.Build.0 = Debug|Any CPU
		{150FABA7-51AA-4812-A902-FB46481AFF2D}.Release|Any CPU.ActiveCfg = Release|Any CPU
		{150FABA7-51AA-4812-A902-FB46481AFF2D}.Release|Any CPU.Build.0 = Release|Any CPU
	EndGlobalSection
	GlobalSection(SolutionProperties) = preSolution
		HideSolutionNode = FALSE
	EndGlobalSection
	GlobalSection(NestedProjects) = preSolution
		{A33CAB1F-07B9-4B36-88BD-B953A590EDB9} = {7A97BC0C-A11E-4AED-9821-BB704D0C0207}
		{BD1E6DF3-0AB4-4A94-A86D-01CEFB3FB78A} = {7A97BC0C-A11E-4AED-9821-BB704D0C0207}
		{F05DD180-98CE-48E9-A64C-5ADF6D5EE209} = {7A97BC0C-A11E-4AED-9821-BB704D0C0207}
		{06777A57-2E90-4D0C-80C7-101A42A68A0C} = {7A97BC0C-A11E-4AED-9821-BB704D0C0207}
		{3D081776-4265-47C9-85D7-34EE3E9531ED} = {7A97BC0C-A11E-4AED-9821-BB704D0C0207}
		{0E4CCC20-4FE5-4A00-B669-AB0ECA0A63FE} = {7A97BC0C-A11E-4AED-9821-BB704D0C0207}
		{C5F89C5D-F6B1-4EA6-BFF1-909BE50A933E} = {7A97BC0C-A11E-4AED-9821-BB704D0C0207}
		{C706D959-3CC4-4237-97ED-BE46B3F945F1} = {7A97BC0C-A11E-4AED-9821-BB704D0C0207}
		{12529523-B06F-4D43-90AF-EFEA02EB80A7} = {7A97BC0C-A11E-4AED-9821-BB704D0C0207}
		{8407F30C-8547-47BA-8A4F-7400ECDCC5BF} = {7A97BC0C-A11E-4AED-9821-BB704D0C0207}
		{5839A124-F861-4362-B24F-4CB7791CB785} = {7A97BC0C-A11E-4AED-9821-BB704D0C0207}
		{BC587806-EFFC-4637-99B1-AFA759BA116E} = {7A97BC0C-A11E-4AED-9821-BB704D0C0207}
		{54F58581-C5D9-4173-B642-805A6F75A36B} = {7A97BC0C-A11E-4AED-9821-BB704D0C0207}
		{949F25F1-6FF8-4F81-9AFC-10CF9E8CB5C1} = {7A97BC0C-A11E-4AED-9821-BB704D0C0207}
		{9D69744C-40C2-4151-A706-67D96942CFC6} = {7A97BC0C-A11E-4AED-9821-BB704D0C0207}
		{A4F1F428-14C1-4245-B1B7-4113C1EA0BB8} = {7A97BC0C-A11E-4AED-9821-BB704D0C0207}
		{9783A044-ACD7-419B-8707-8ABA662E6068} = {7A97BC0C-A11E-4AED-9821-BB704D0C0207}
		{20BE2EA8-8BF3-4E47-9D49-93285E353467} = {7A97BC0C-A11E-4AED-9821-BB704D0C0207}
		{319E15F1-8F93-485B-8E4C-4F6D5986150F} = {7A97BC0C-A11E-4AED-9821-BB704D0C0207}
		{1AD43EF2-3C38-4A68-8BCB-2080D88E2472} = {7A97BC0C-A11E-4AED-9821-BB704D0C0207}
		{7274E1B6-A5D7-4258-9459-C216DED6EE0D} = {7A97BC0C-A11E-4AED-9821-BB704D0C0207}
		{9746E68D-6D7D-41DA-8EDE-D335773DCFBB} = {7A97BC0C-A11E-4AED-9821-BB704D0C0207}
		{2BEAA18C-D0F2-497A-9CC5-307F0846E43C} = {7A97BC0C-A11E-4AED-9821-BB704D0C0207}
		{9298AD00-39E3-437E-A34B-928B2035E9C6} = {7A97BC0C-A11E-4AED-9821-BB704D0C0207}
		{C00FDA7F-AE8E-4138-82A8-E6D51B8DEEDC} = {7A97BC0C-A11E-4AED-9821-BB704D0C0207}
		{674011D8-EBEC-4056-88EB-1254998D1E61} = {7A97BC0C-A11E-4AED-9821-BB704D0C0207}
		{272D8A59-AF35-4D41-B264-55B31E3E1464} = {7A97BC0C-A11E-4AED-9821-BB704D0C0207}
		{D3AAB992-523A-4F42-9D70-3CCD208F6193} = {7A97BC0C-A11E-4AED-9821-BB704D0C0207}
		{E68FB54D-3DB0-4430-A3DF-95E0E9CFBFF0} = {7A97BC0C-A11E-4AED-9821-BB704D0C0207}
		{A70F82B7-474C-4A25-A5B0-57CB40770F87} = {7A97BC0C-A11E-4AED-9821-BB704D0C0207}
		{80E47EC8-7566-4BDA-B3E8-CE60A5982B27} = {7A97BC0C-A11E-4AED-9821-BB704D0C0207}
		{5C56E211-D738-404C-B255-249D37D1A1D6} = {7A97BC0C-A11E-4AED-9821-BB704D0C0207}
		{352DF6BB-7B3D-45B1-B0F2-D0B5FAD149D1} = {7A97BC0C-A11E-4AED-9821-BB704D0C0207}
		{AEAFD5EE-E1DE-4D89-BA1F-B0AA2FC6A3E6} = {7A97BC0C-A11E-4AED-9821-BB704D0C0207}
		{59459B05-7D3B-4D18-A8E0-EE636F86C306} = {7A97BC0C-A11E-4AED-9821-BB704D0C0207}
		{0C95AA85-114E-4C4B-91C4-CF4466BB4B47} = {7A97BC0C-A11E-4AED-9821-BB704D0C0207}
		{E6D41ADF-49C2-451A-A505-4B4C6CD718B8} = {7A97BC0C-A11E-4AED-9821-BB704D0C0207}
		{150FABA7-51AA-4812-A902-FB46481AFF2D} = {7A97BC0C-A11E-4AED-9821-BB704D0C0207}
	EndGlobalSection
	GlobalSection(ExtensibilityGlobals) = postSolution
		SolutionGuid = {AD3F8A22-5032-4D12-A58A-53A4450AD39E}
	EndGlobalSection
EndGlobal
