
Microsoft Visual Studio Solution File, Format Version 12.00
# Visual Studio Version 17
VisualStudioVersion = 17.2.32630.192
MinimumVisualStudioVersion = 10.0.40219.1
Project("{9A19103F-16F7-4668-BE54-9A1E7A4F7556}") = "R5T.S0060.S001", "R5T.S0060.S001\R5T.S0060.S001.csproj", "{7BAF67B2-AA29-4E0B-BB97-9DA6D4B682CD}"
EndProject
Project("{2150E333-8FDC-42A3-9474-1A3956D46DE8}") = "_Dependencies", "_Dependencies", "{ADE10518-C66F-4F4E-9194-5936FA87603D}"
EndProject
Project("{9A19103F-16F7-4668-BE54-9A1E7A4F7556}") = "R5T.F0000", "..\..\R5T.F0000\source\R5T.F0000\R5T.F0000.csproj", "{EDA64ABC-61D4-447C-93D7-0DACD0D2B476}"
EndProject
Project("{9A19103F-16F7-4668-BE54-9A1E7A4F7556}") = "R5T.T0131", "..\..\R5T.T0131\source\R5T.T0131\R5T.T0131.csproj", "{04C2F1B0-FF83-458A-B4A2-BE919C560951}"
EndProject
Project("{9A19103F-16F7-4668-BE54-9A1E7A4F7556}") = "R5T.T0132", "..\..\R5T.T0132\source\R5T.T0132\R5T.T0132.csproj", "{F5728AEA-4C67-441F-A745-CEFDA6EB9B02}"
EndProject
Project("{9A19103F-16F7-4668-BE54-9A1E7A4F7556}") = "R5T.T0142", "..\..\R5T.T0142\source\R5T.T0142\R5T.T0142.csproj", "{C1A24BA3-6C2B-43CD-AAF1-7CA49C9E9962}"
EndProject
Project("{9A19103F-16F7-4668-BE54-9A1E7A4F7556}") = "R5T.T0143", "..\..\R5T.T0143\source\R5T.T0143\R5T.T0143.csproj", "{6A19A6D4-2D1E-47BB-A8E6-297E873B4400}"
EndProject
Project("{9A19103F-16F7-4668-BE54-9A1E7A4F7556}") = "R5T.Y0000", "..\..\R5T.Y0000\source\R5T.Y0000\R5T.Y0000.csproj", "{BF46D8F3-FDA2-48F6-9889-79729C3D53D5}"
EndProject
Project("{9A19103F-16F7-4668-BE54-9A1E7A4F7556}") = "R5T.Z0000", "..\..\R5T.Z0000\source\R5T.Z0000\R5T.Z0000.csproj", "{1BA34D7F-147C-43E0-896B-52AC845D06F3}"
EndProject
Global
	GlobalSection(NestedProjects) = preSolution
		{EDA64ABC-61D4-447C-93D7-0DACD0D2B476} = {ADE10518-C66F-4F4E-9194-5936FA87603D}
		{04C2F1B0-FF83-458A-B4A2-BE919C560951} = {ADE10518-C66F-4F4E-9194-5936FA87603D}
		{F5728AEA-4C67-441F-A745-CEFDA6EB9B02} = {ADE10518-C66F-4F4E-9194-5936FA87603D}
		{C1A24BA3-6C2B-43CD-AAF1-7CA49C9E9962} = {ADE10518-C66F-4F4E-9194-5936FA87603D}
		{6A19A6D4-2D1E-47BB-A8E6-297E873B4400} = {ADE10518-C66F-4F4E-9194-5936FA87603D}
		{BF46D8F3-FDA2-48F6-9889-79729C3D53D5} = {ADE10518-C66F-4F4E-9194-5936FA87603D}
		{1BA34D7F-147C-43E0-896B-52AC845D06F3} = {ADE10518-C66F-4F4E-9194-5936FA87603D}
	EndGlobalSection
	GlobalSection(SolutionConfigurationPlatforms) = preSolution
		Debug|Any CPU = Debug|Any CPU
		Release|Any CPU = Release|Any CPU
	EndGlobalSection
	GlobalSection(ProjectConfigurationPlatforms) = postSolution
		{7BAF67B2-AA29-4E0B-BB97-9DA6D4B682CD}.Debug|Any CPU.ActiveCfg = Debug|Any CPU
		{7BAF67B2-AA29-4E0B-BB97-9DA6D4B682CD}.Debug|Any CPU.Build.0 = Debug|Any CPU
		{7BAF67B2-AA29-4E0B-BB97-9DA6D4B682CD}.Release|Any CPU.ActiveCfg = Release|Any CPU
		{7BAF67B2-AA29-4E0B-BB97-9DA6D4B682CD}.Release|Any CPU.Build.0 = Release|Any CPU
		{EDA64ABC-61D4-447C-93D7-0DACD0D2B476}.Debug|Any CPU.ActiveCfg = Debug|Any CPU
		{EDA64ABC-61D4-447C-93D7-0DACD0D2B476}.Debug|Any CPU.Build.0 = Debug|Any CPU
		{EDA64ABC-61D4-447C-93D7-0DACD0D2B476}.Release|Any CPU.ActiveCfg = Release|Any CPU
		{EDA64ABC-61D4-447C-93D7-0DACD0D2B476}.Release|Any CPU.Build.0 = Release|Any CPU
		{04C2F1B0-FF83-458A-B4A2-BE919C560951}.Debug|Any CPU.ActiveCfg = Debug|Any CPU
		{04C2F1B0-FF83-458A-B4A2-BE919C560951}.Debug|Any CPU.Build.0 = Debug|Any CPU
		{04C2F1B0-FF83-458A-B4A2-BE919C560951}.Release|Any CPU.ActiveCfg = Release|Any CPU
		{04C2F1B0-FF83-458A-B4A2-BE919C560951}.Release|Any CPU.Build.0 = Release|Any CPU
		{F5728AEA-4C67-441F-A745-CEFDA6EB9B02}.Debug|Any CPU.ActiveCfg = Debug|Any CPU
		{F5728AEA-4C67-441F-A745-CEFDA6EB9B02}.Debug|Any CPU.Build.0 = Debug|Any CPU
		{F5728AEA-4C67-441F-A745-CEFDA6EB9B02}.Release|Any CPU.ActiveCfg = Release|Any CPU
		{F5728AEA-4C67-441F-A745-CEFDA6EB9B02}.Release|Any CPU.Build.0 = Release|Any CPU
		{C1A24BA3-6C2B-43CD-AAF1-7CA49C9E9962}.Debug|Any CPU.ActiveCfg = Debug|Any CPU
		{C1A24BA3-6C2B-43CD-AAF1-7CA49C9E9962}.Debug|Any CPU.Build.0 = Debug|Any CPU
		{C1A24BA3-6C2B-43CD-AAF1-7CA49C9E9962}.Release|Any CPU.ActiveCfg = Release|Any CPU
		{C1A24BA3-6C2B-43CD-AAF1-7CA49C9E9962}.Release|Any CPU.Build.0 = Release|Any CPU
		{6A19A6D4-2D1E-47BB-A8E6-297E873B4400}.Debug|Any CPU.ActiveCfg = Debug|Any CPU
		{6A19A6D4-2D1E-47BB-A8E6-297E873B4400}.Debug|Any CPU.Build.0 = Debug|Any CPU
		{6A19A6D4-2D1E-47BB-A8E6-297E873B4400}.Release|Any CPU.ActiveCfg = Release|Any CPU
		{6A19A6D4-2D1E-47BB-A8E6-297E873B4400}.Release|Any CPU.Build.0 = Release|Any CPU
		{BF46D8F3-FDA2-48F6-9889-79729C3D53D5}.Debug|Any CPU.ActiveCfg = Debug|Any CPU
		{BF46D8F3-FDA2-48F6-9889-79729C3D53D5}.Debug|Any CPU.Build.0 = Debug|Any CPU
		{BF46D8F3-FDA2-48F6-9889-79729C3D53D5}.Release|Any CPU.ActiveCfg = Release|Any CPU
		{BF46D8F3-FDA2-48F6-9889-79729C3D53D5}.Release|Any CPU.Build.0 = Release|Any CPU
		{1BA34D7F-147C-43E0-896B-52AC845D06F3}.Debug|Any CPU.ActiveCfg = Debug|Any CPU
		{1BA34D7F-147C-43E0-896B-52AC845D06F3}.Debug|Any CPU.Build.0 = Debug|Any CPU
		{1BA34D7F-147C-43E0-896B-52AC845D06F3}.Release|Any CPU.ActiveCfg = Release|Any CPU
		{1BA34D7F-147C-43E0-896B-52AC845D06F3}.Release|Any CPU.Build.0 = Release|Any CPU
	EndGlobalSection
	GlobalSection(SolutionProperties) = preSolution
		HideSolutionNode = FALSE
	EndGlobalSection
	GlobalSection(ExtensibilityGlobals) = postSolution
		SolutionGuid = {FA251429-555B-401D-B6B0-633E14F99A59}
	EndGlobalSection
EndGlobal
